
Microsoft Visual Studio Solution File, Format Version 12.00
# Visual Studio Version 17
VisualStudioVersion = 17.11.35327.3
MinimumVisualStudioVersion = 10.0.40219.1
Project("{FAE04EC0-301F-11D3-BF4B-00C04F79EFBC}") = "01_TemelKonular", "01_TemelKonular\01_TemelKonular.csproj", "{2ADD5D56-09BF-4728-B949-C9A79C82C5A3}"
EndProject
Project("{FAE04EC0-301F-11D3-BF4B-00C04F79EFBC}") = "02_Degiskenler", "02_Degiskenler\02_Degiskenler.csproj", "{8A0E82A0-A7F9-49A2-BB57-0BAB19842DDD}"
EndProject
Project("{FAE04EC0-301F-11D3-BF4B-00C04F79EFBC}") = "03_MakingDecision", "03_MakingDecision\03_MakingDecision.csproj", "{BDBFC4DE-A182-43A3-813A-26D06AD3BE04}"
EndProject
Project("{FAE04EC0-301F-11D3-BF4B-00C04F79EFBC}") = "04_Loops", "04_Loops\04_Loops.csproj", "{4073F802-B2D6-4426-903E-F7490EF8E271}"
EndProject
Project("{FAE04EC0-301F-11D3-BF4B-00C04F79EFBC}") = "05_LoopsWithStars", "05_LoopsWithStars\05_LoopsWithStars.csproj", "{A5B0C0BF-DB36-4629-B4B8-23D13F95F150}"
EndProject
Project("{FAE04EC0-301F-11D3-BF4B-00C04F79EFBC}") = "06_Arrays", "06_Arrays\06_Arrays.csproj", "{ADD352F3-1C6D-45B6-B433-971BADF1D67C}"
EndProject
Project("{FAE04EC0-301F-11D3-BF4B-00C04F79EFBC}") = "07_ForeachLoop", "07_ForeachLoop\07_ForeachLoop.csproj", "{748BA11E-36FD-4D55-AB54-800D72929A12}"
EndProject
Global
	GlobalSection(SolutionConfigurationPlatforms) = preSolution
		Debug|Any CPU = Debug|Any CPU
		Release|Any CPU = Release|Any CPU
	EndGlobalSection
	GlobalSection(ProjectConfigurationPlatforms) = postSolution
		{2ADD5D56-09BF-4728-B949-C9A79C82C5A3}.Debug|Any CPU.ActiveCfg = Debug|Any CPU
		{2ADD5D56-09BF-4728-B949-C9A79C82C5A3}.Debug|Any CPU.Build.0 = Debug|Any CPU
		{2ADD5D56-09BF-4728-B949-C9A79C82C5A3}.Release|Any CPU.ActiveCfg = Release|Any CPU
		{2ADD5D56-09BF-4728-B949-C9A79C82C5A3}.Release|Any CPU.Build.0 = Release|Any CPU
		{8A0E82A0-A7F9-49A2-BB57-0BAB19842DDD}.Debug|Any CPU.ActiveCfg = Debug|Any CPU
		{8A0E82A0-A7F9-49A2-BB57-0BAB19842DDD}.Debug|Any CPU.Build.0 = Debug|Any CPU
		{8A0E82A0-A7F9-49A2-BB57-0BAB19842DDD}.Release|Any CPU.ActiveCfg = Release|Any CPU
		{8A0E82A0-A7F9-49A2-BB57-0BAB19842DDD}.Release|Any CPU.Build.0 = Release|Any CPU
		{BDBFC4DE-A182-43A3-813A-26D06AD3BE04}.Debug|Any CPU.ActiveCfg = Debug|Any CPU
		{BDBFC4DE-A182-43A3-813A-26D06AD3BE04}.Debug|Any CPU.Build.0 = Debug|Any CPU
		{BDBFC4DE-A182-43A3-813A-26D06AD3BE04}.Release|Any CPU.ActiveCfg = Release|Any CPU
		{BDBFC4DE-A182-43A3-813A-26D06AD3BE04}.Release|Any CPU.Build.0 = Release|Any CPU
		{4073F802-B2D6-4426-903E-F7490EF8E271}.Debug|Any CPU.ActiveCfg = Debug|Any CPU
		{4073F802-B2D6-4426-903E-F7490EF8E271}.Debug|Any CPU.Build.0 = Debug|Any CPU
		{4073F802-B2D6-4426-903E-F7490EF8E271}.Release|Any CPU.ActiveCfg = Release|Any CPU
		{4073F802-B2D6-4426-903E-F7490EF8E271}.Release|Any CPU.Build.0 = Release|Any CPU
		{A5B0C0BF-DB36-4629-B4B8-23D13F95F150}.Debug|Any CPU.ActiveCfg = Debug|Any CPU
		{A5B0C0BF-DB36-4629-B4B8-23D13F95F150}.Debug|Any CPU.Build.0 = Debug|Any CPU
		{A5B0C0BF-DB36-4629-B4B8-23D13F95F150}.Release|Any CPU.ActiveCfg = Release|Any CPU
		{A5B0C0BF-DB36-4629-B4B8-23D13F95F150}.Release|Any CPU.Build.0 = Release|Any CPU
		{ADD352F3-1C6D-45B6-B433-971BADF1D67C}.Debug|Any CPU.ActiveCfg = Debug|Any CPU
		{ADD352F3-1C6D-45B6-B433-971BADF1D67C}.Debug|Any CPU.Build.0 = Debug|Any CPU
		{ADD352F3-1C6D-45B6-B433-971BADF1D67C}.Release|Any CPU.ActiveCfg = Release|Any CPU
		{ADD352F3-1C6D-45B6-B433-971BADF1D67C}.Release|Any CPU.Build.0 = Release|Any CPU
		{748BA11E-36FD-4D55-AB54-800D72929A12}.Debug|Any CPU.ActiveCfg = Debug|Any CPU
		{748BA11E-36FD-4D55-AB54-800D72929A12}.Debug|Any CPU.Build.0 = Debug|Any CPU
		{748BA11E-36FD-4D55-AB54-800D72929A12}.Release|Any CPU.ActiveCfg = Release|Any CPU
		{748BA11E-36FD-4D55-AB54-800D72929A12}.Release|Any CPU.Build.0 = Release|Any CPU
	EndGlobalSection
	GlobalSection(SolutionProperties) = preSolution
		HideSolutionNode = FALSE
	EndGlobalSection
	GlobalSection(ExtensibilityGlobals) = postSolution
		SolutionGuid = {7DD424EB-9E11-4125-988C-5E1BF45C1285}
	EndGlobalSection
EndGlobal
